{
  "name": "ssutructure",
  "version": "1.0.0",
  "lockfileVersion": 1,
  "requires": true,
  "dependencies": {
    "@types/d3-color": {
      "version": "1.4.1",
      "resolved": "https://registry.npmjs.org/@types/d3-color/-/d3-color-1.4.1.tgz",
      "integrity": "sha512-xkPLi+gbgUU9ED6QX4g6jqYL2KCB0/3AlM+ncMGqn49OgH0gFMY/ITGqPF8HwEiLzJaC+2L0I+gNwBgABv1Pvg=="
    },
    "@types/d3-hierarchy": {
      "version": "1.1.7",
      "resolved": "https://registry.npmjs.org/@types/d3-hierarchy/-/d3-hierarchy-1.1.7.tgz",
      "integrity": "sha512-fvht6DOYKzqmXjMb/+xfgkmrWM4SD7rMA/ZbM+gGwr9ZTuIDfky95J8CARtaJo/ExeWyS0xGVdL2gqno2zrQ0Q=="
    },
    "@types/d3-interpolate": {
      "version": "1.4.2",
      "resolved": "https://registry.npmjs.org/@types/d3-interpolate/-/d3-interpolate-1.4.2.tgz",
      "integrity": "sha512-ylycts6llFf8yAEs1tXzx2loxxzDZHseuhPokrqKprTQSTcD3JbJI1omZP1rphsELZO3Q+of3ff0ZS7+O6yVzg==",
      "requires": {
        "@types/d3-color": "^1"
      }
    },
    "@types/d3-selection": {
      "version": "1.4.3",
      "resolved": "https://registry.npmjs.org/@types/d3-selection/-/d3-selection-1.4.3.tgz",
      "integrity": "sha512-GjKQWVZO6Sa96HiKO6R93VBE8DUW+DDkFpIMf9vpY5S78qZTlRRSNUsHr/afDpF7TvLDV7VxrUFOWW7vdIlYkA=="
    },
    "@types/d3-transition": {
      "version": "1.3.1",
      "resolved": "https://registry.npmjs.org/@types/d3-transition/-/d3-transition-1.3.1.tgz",
      "integrity": "sha512-U9CpMlTL/NlqdGXBlHYxTZwbmy/vN1cFv8TuAIFPX+xOW/1iChbeJBY2xmINhDQfkGJbgkH4IovafCwI1ZDrgg==",
      "requires": {
        "@types/d3-selection": "^1"
      }
    },
    "@types/d3-zoom": {
      "version": "1.8.2",
      "resolved": "https://registry.npmjs.org/@types/d3-zoom/-/d3-zoom-1.8.2.tgz",
      "integrity": "sha512-rU0LirorUxkLxEHSzkFs7pPC0KWsxRGc0sHrxEDR0/iQq+7/xpNkKuuOOwthlgvOtpOvtTLJ2JFOD6Kr0Si4Uw==",
      "requires": {
        "@types/d3-interpolate": "^1",
        "@types/d3-selection": "^1"
      }
    },
    "d3-color": {
      "version": "1.4.1",
      "resolved": "https://registry.npmjs.org/d3-color/-/d3-color-1.4.1.tgz",
      "integrity": "sha512-p2sTHSLCJI2QKunbGb7ocOh7DgTAn8IrLx21QRc/BSnodXM4sv6aLQlnfpvehFMLZEfBc6g9pH9SWQccFYfJ9Q=="
    },
    "d3-dispatch": {
      "version": "1.0.6",
      "resolved": "https://registry.npmjs.org/d3-dispatch/-/d3-dispatch-1.0.6.tgz",
      "integrity": "sha512-fVjoElzjhCEy+Hbn8KygnmMS7Or0a9sI2UzGwoB7cCtvI1XpVN9GpoYlnb3xt2YV66oXYb1fLJ8GMvP4hdU1RA=="
    },
    "d3-drag": {
      "version": "1.2.5",
      "resolved": "https://registry.npmjs.org/d3-drag/-/d3-drag-1.2.5.tgz",
      "integrity": "sha512-rD1ohlkKQwMZYkQlYVCrSFxsWPzI97+W+PaEIBNTMxRuxz9RF0Hi5nJWHGVJ3Om9d2fRTe1yOBINJyy/ahV95w==",
      "requires": {
        "d3-dispatch": "1",
        "d3-selection": "1"
      }
    },
    "d3-ease": {
      "version": "1.0.7",
      "resolved": "https://registry.npmjs.org/d3-ease/-/d3-ease-1.0.7.tgz",
      "integrity": "sha512-lx14ZPYkhNx0s/2HX5sLFUI3mbasHjSSpwO/KaaNACweVwxUruKyWVcb293wMv1RqTPZyZ8kSZ2NogUZNcLOFQ=="
    },
    "d3-hierarchy": {
      "version": "1.1.9",
      "resolved": "https://registry.npmjs.org/d3-hierarchy/-/d3-hierarchy-1.1.9.tgz",
      "integrity": "sha512-j8tPxlqh1srJHAtxfvOUwKNYJkQuBFdM1+JAUfq6xqH5eAqf93L7oG1NVqDa4CpFZNvnNKtCYEUC8KY9yEn9lQ=="
    },
    "d3-interpolate": {
      "version": "1.4.0",
      "resolved": "https://registry.npmjs.org/d3-interpolate/-/d3-interpolate-1.4.0.tgz",
      "integrity": "sha512-V9znK0zc3jOPV4VD2zZn0sDhZU3WAE2bmlxdIwwQPPzPjvyLkd8B3JUVdS1IDUFDkWZ72c9qnv1GK2ZagTZ8EA==",
      "requires": {
        "d3-color": "1"
      }
    },
    "d3-selection": {
      "version": "1.4.2",
      "resolved": "https://registry.npmjs.org/d3-selection/-/d3-selection-1.4.2.tgz",
      "integrity": "sha512-SJ0BqYihzOjDnnlfyeHT0e30k0K1+5sR3d5fNueCNeuhZTnGw4M4o8mqJchSwgKMXCNFo+e2VTChiSJ0vYtXkg=="
    },
    "d3-timer": {
      "version": "1.0.10",
      "resolved": "https://registry.npmjs.org/d3-timer/-/d3-timer-1.0.10.tgz",
      "integrity": "sha512-B1JDm0XDaQC+uvo4DT79H0XmBskgS3l6Ve+1SBCfxgmtIb1AVrPIoqd+nPSv+loMX8szQ0sVUhGngL7D5QPiXw=="
    },
    "d3-transition": {
      "version": "1.3.2",
      "resolved": "https://registry.npmjs.org/d3-transition/-/d3-transition-1.3.2.tgz",
      "integrity": "sha512-sc0gRU4PFqZ47lPVHloMn9tlPcv8jxgOQg+0zjhfZXMQuvppjG6YuwdMBE0TuqCZjeJkLecku/l9R0JPcRhaDA==",
      "requires": {
        "d3-color": "1",
        "d3-dispatch": "1",
        "d3-ease": "1",
        "d3-interpolate": "1",
        "d3-selection": "^1.1.0",
        "d3-timer": "1"
      }
    },
    "d3-zoom": {
      "version": "1.8.3",
      "resolved": "https://registry.npmjs.org/d3-zoom/-/d3-zoom-1.8.3.tgz",
      "integrity": "sha512-VoLXTK4wvy1a0JpH2Il+F2CiOhVu7VRXWF5M/LroMIh3/zBAC3WAt7QoIvPibOavVo20hN6/37vwAsdBejLyKQ==",
      "requires": {
        "d3-dispatch": "1",
        "d3-drag": "1",
        "d3-interpolate": "1",
        "d3-selection": "1",
        "d3-transition": "1"
      }
    },
    "p5": {
      "version": "1.1.9",
      "resolved": "https://registry.npmjs.org/p5/-/p5-1.1.9.tgz",
      "integrity": "sha512-gU+UBEAXLGt3RQFzTtsKijF+eBidweIqRrg51AniuLG8LKHzylrB5ilIOzyDgcR1/hWt6danWPArjaVtXHWfWg=="
    },
    "treeviz": {
      "version": "2.2.3",
      "resolved": "https://registry.npmjs.org/treeviz/-/treeviz-2.2.3.tgz",
      "integrity": "sha512-z0DRXpSuoTo+kP6eQRyGoRBIyCcjNQ0ufq5ewYN4PTRHnk5xnddUr1VqwgLVF4ich7lqwP/ZKoD3QL/vaDXOpQ==",
      "requires": {
        "@types/d3-hierarchy": "^1.1.6",
        "@types/d3-selection": "^1.4.1",
        "@types/d3-transition": "^1.1.4",
        "@types/d3-zoom": "^1.7.4",
        "d3-hierarchy": "^1.1.8",
        "d3-selection": "^1.4.0",
        "d3-zoom": "^1.8.3"
      }
    }
  }
}
